{
  "requires": true,
  "lockfileVersion": 1,
  "dependencies": {
    "axios": {
      "version": "0.21.0",
      "resolved": "https://registry.npmjs.org/axios/-/axios-0.21.0.tgz",
      "integrity": "sha512-fmkJBknJKoZwem3/IKSSLpkdNXZeBu5Q7GA/aRsr2btgrptmSCxi2oFjZHqGdK9DoTil9PIHlPIZw2EcRJXRvw==",
      "requires": {
        "follow-redirects": "^1.10.0"
      }
    },
    "echarts": {
      "version": "5.0.0",
      "resolved": "https://registry.npmjs.org/echarts/-/echarts-5.0.0.tgz",
      "integrity": "sha512-6SDcJbLVOcfQyjPg+spNU1+JVrkU1B9fzUa5tpbP/mMNUPyigCOJwcEIQAJSbp9jt5UP3EXvQR0vtYXIo9AjyA==",
      "requires": {
        "tslib": "1.10.0",
        "zrender": "5.0.1"
      }
    },
    "echarts-amap": {
      "version": "1.0.0-rc.6",
      "resolved": "https://registry.npmjs.org/echarts-amap/-/echarts-amap-1.0.0-rc.6.tgz",
      "integrity": "sha1-V4KnTa7lLtRM4/j2JXdWF4PwnhY="
    },
    "echarts-liquidfill": {
      "version": "2.0.6",
      "resolved": "https://registry.npmjs.org/echarts-liquidfill/-/echarts-liquidfill-2.0.6.tgz",
      "integrity": "sha512-p+AH0O9/BtwXMQQyhjJbMZo+GwRAgWG/DCyK5r27PQzpS0UWrgXu57MyEFc0A8Ub3sRuqEu08BuxwHICBkSWSQ=="
    },
    "echarts-wordcloud": {
      "version": "1.1.3",
      "resolved": "https://registry.npmjs.org/echarts-wordcloud/-/echarts-wordcloud-1.1.3.tgz",
      "integrity": "sha512-Et8D5xEAoYkidmHun+hEH+2lF9dhCt6D0JJ390vlr2r/1zwhhZAbcL01CEvG93QcMcJpSvSPK8vRiGkTbMHRxg=="
    },
    "follow-redirects": {
      "version": "1.13.0",
      "resolved": "https://registry.npmjs.org/follow-redirects/-/follow-redirects-1.13.0.tgz",
      "integrity": "sha512-aq6gF1BEKje4a9i9+5jimNFIpq4Q1WiwBToeRK5NvZBd/TRsmW8BsJfOEGkr76TbOyPVD3OVDN910EcUNtRYEA=="
    },
    "numerify": {
      "version": "1.2.9",
      "resolved": "https://registry.npmjs.org/numerify/-/numerify-1.2.9.tgz",
      "integrity": "sha512-X4QzQiytV5ZN3TVLhzbtFzjTarUNnaa1pgNDFqt7u7Nqhxe7FvY2eYrGt4WYHlYXDqgtfC/n/a5nJ2y0LijV8w=="
    },
    "tslib": {
      "version": "1.10.0",
      "resolved": "https://registry.npmjs.org/tslib/-/tslib-1.10.0.tgz",
      "integrity": "sha512-qOebF53frne81cf0S9B41ByenJ3/IuH8yJKngAX35CmiZySA0khhkovshKK+jGCaMnVomla7gVlIcc3EvKPbTQ=="
    },
    "utils-lite": {
      "version": "0.1.10",
      "resolved": "https://registry.npmjs.org/utils-lite/-/utils-lite-0.1.10.tgz",
      "integrity": "sha512-jlHvdtI8MyWURF/3u+ufIjf1Cs5WjN6WZl9qO8dEkZsVjaI7X5YMUhaCFzkvB69ljt6fo4Dd7V/Oj2NJOFDFOQ=="
    },
    "v-charts": {
      "version": "1.19.0",
      "resolved": "https://registry.npmjs.org/v-charts/-/v-charts-1.19.0.tgz",
      "integrity": "sha512-vm2HBUmxAsXK0ivwce9LytcpqrItDA5JSPLYVxZXtiuoyhcn80XX1/3dPJd/1GqG1OYv3jfBo1s9ra4q8GowqA==",
      "requires": {
        "echarts-amap": "1.0.0-rc.6",
        "echarts-liquidfill": "^2.0.2",
        "echarts-wordcloud": "^1.1.3",
        "numerify": "1.2.9",
        "utils-lite": "0.1.10"
      }
    },
    "zrender": {
      "version": "5.0.1",
      "resolved": "https://registry.npmjs.org/zrender/-/zrender-5.0.1.tgz",
      "integrity": "sha512-i8FNCKAKfF0EfZFJ6w2p30umBrCyy481/PePFQqPdtNgCl5Hp5z7/dovqb7soEoFkhNvhjJ/J4W9zFALeae6yA==",
      "requires": {
        "tslib": "1.10.0"
      }
    }
  }
}
